
Microsoft Visual Studio Solution File, Format Version 12.00
# Visual Studio Version 17
VisualStudioVersion = 17.9.34714.143
MinimumVisualStudioVersion = 10.0.40219.1
Project("{9A19103F-16F7-4668-BE54-9A1E7A4F7556}") = "PartFinderCore", "PartFinderCore.csproj", "{EB7631B0-F422-4780-B55D-A4C93BDBC4BA}"
EndProject
Global
	GlobalSection(SolutionConfigurationPlatforms) = preSolution
		Debug|Any CPU = Debug|Any CPU
		Release|Any CPU = Release|Any CPU
	EndGlobalSection
	GlobalSection(ProjectConfigurationPlatforms) = postSolution
		{EB7631B0-F422-4780-B55D-A4C93BDBC4BA}.Debug|Any CPU.ActiveCfg = Debug|Any CPU
		{EB7631B0-F422-4780-B55D-A4C93BDBC4BA}.Debug|Any CPU.Build.0 = Debug|Any CPU
		{EB7631B0-F422-4780-B55D-A4C93BDBC4BA}.Release|Any CPU.ActiveCfg = Release|Any CPU
		{EB7631B0-F422-4780-B55D-A4C93BDBC4BA}.Release|Any CPU.Build.0 = Release|Any CPU
	EndGlobalSection
	GlobalSection(SolutionProperties) = preSolution
		HideSolutionNode = FALSE
	EndGlobalSection
	GlobalSection(ExtensibilityGlobals) = postSolution
		SolutionGuid = {527ACDA4-DFE5-48F4-922D-805BFCED87E0}
	EndGlobalSection
EndGlobal
